
Microsoft Visual Studio Solution File, Format Version 12.00
Project("{FAE04EC0-301F-11D3-BF4B-00C04F79EFBC}") = "ControleFermentacaoCervejeira.API", "ControleFermentacaoCervejeira.API\ControleFermentacaoCervejeira.API.csproj", "{67539D18-C0EF-4212-B98E-8688534AC15E}"
EndProject
Project("{FAE04EC0-301F-11D3-BF4B-00C04F79EFBC}") = "ControleFermentacaoCervejeira.Domain", "ControleFermentacaoCervejeira.Domain\ControleFermentacaoCervejeira.Domain.csproj", "{950233C5-0F4F-4DD0-9AFB-CD5FC3060CE7}"
EndProject
Project("{FAE04EC0-301F-11D3-BF4B-00C04F79EFBC}") = "ControleFermentacaoCervejeira.Application", "ControleFermentacaoCervejeira.Application\ControleFermentacaoCervejeira.Application.csproj", "{83E1B307-857B-43DD-82BE-A062CE1AA8F7}"
EndProject
Project("{FAE04EC0-301F-11D3-BF4B-00C04F79EFBC}") = "ControleFermentacaoCervejeira.Infrastructure", "ControleFermentacaoCervejeira.Infrastructure\ControleFermentacaoCervejeira.Infrastructure.csproj", "{736D6197-BD85-49BC-9B2E-F2CAF679A4AC}"
EndProject
Global
	GlobalSection(SolutionConfigurationPlatforms) = preSolution
		Debug|Any CPU = Debug|Any CPU
		Release|Any CPU = Release|Any CPU
	EndGlobalSection
	GlobalSection(ProjectConfigurationPlatforms) = postSolution
		{67539D18-C0EF-4212-B98E-8688534AC15E}.Debug|Any CPU.ActiveCfg = Debug|Any CPU
		{67539D18-C0EF-4212-B98E-8688534AC15E}.Debug|Any CPU.Build.0 = Debug|Any CPU
		{67539D18-C0EF-4212-B98E-8688534AC15E}.Release|Any CPU.ActiveCfg = Release|Any CPU
		{67539D18-C0EF-4212-B98E-8688534AC15E}.Release|Any CPU.Build.0 = Release|Any CPU
		{950233C5-0F4F-4DD0-9AFB-CD5FC3060CE7}.Debug|Any CPU.ActiveCfg = Debug|Any CPU
		{950233C5-0F4F-4DD0-9AFB-CD5FC3060CE7}.Debug|Any CPU.Build.0 = Debug|Any CPU
		{950233C5-0F4F-4DD0-9AFB-CD5FC3060CE7}.Release|Any CPU.ActiveCfg = Release|Any CPU
		{950233C5-0F4F-4DD0-9AFB-CD5FC3060CE7}.Release|Any CPU.Build.0 = Release|Any CPU
		{83E1B307-857B-43DD-82BE-A062CE1AA8F7}.Debug|Any CPU.ActiveCfg = Debug|Any CPU
		{83E1B307-857B-43DD-82BE-A062CE1AA8F7}.Debug|Any CPU.Build.0 = Debug|Any CPU
		{83E1B307-857B-43DD-82BE-A062CE1AA8F7}.Release|Any CPU.ActiveCfg = Release|Any CPU
		{83E1B307-857B-43DD-82BE-A062CE1AA8F7}.Release|Any CPU.Build.0 = Release|Any CPU
		{736D6197-BD85-49BC-9B2E-F2CAF679A4AC}.Debug|Any CPU.ActiveCfg = Debug|Any CPU
		{736D6197-BD85-49BC-9B2E-F2CAF679A4AC}.Debug|Any CPU.Build.0 = Debug|Any CPU
		{736D6197-BD85-49BC-9B2E-F2CAF679A4AC}.Release|Any CPU.ActiveCfg = Release|Any CPU
		{736D6197-BD85-49BC-9B2E-F2CAF679A4AC}.Release|Any CPU.Build.0 = Release|Any CPU
	EndGlobalSection
EndGlobal
